
Microsoft Visual Studio Solution File, Format Version 12.00
# Visual Studio Version 17
VisualStudioVersion = 17.14.36310.24 d17.14
MinimumVisualStudioVersion = 10.0.40219.1
Project("{FAE04EC0-301F-11D3-BF4B-00C04F79EFBC}") = "DockerMVCapp", "DockerMVCapp\DockerMVCapp.csproj", "{ABFA7D6E-3AE2-4DD1-BFAA-28A80DA2322E}"
EndProject
Global
	GlobalSection(SolutionConfigurationPlatforms) = preSolution
		Debug|Any CPU = Debug|Any CPU
		Release|Any CPU = Release|Any CPU
	EndGlobalSection
	GlobalSection(ProjectConfigurationPlatforms) = postSolution
		{ABFA7D6E-3AE2-4DD1-BFAA-28A80DA2322E}.Debug|Any CPU.ActiveCfg = Debug|Any CPU
		{ABFA7D6E-3AE2-4DD1-BFAA-28A80DA2322E}.Debug|Any CPU.Build.0 = Debug|Any CPU
		{ABFA7D6E-3AE2-4DD1-BFAA-28A80DA2322E}.Release|Any CPU.ActiveCfg = Release|Any CPU
		{ABFA7D6E-3AE2-4DD1-BFAA-28A80DA2322E}.Release|Any CPU.Build.0 = Release|Any CPU
	EndGlobalSection
	GlobalSection(SolutionProperties) = preSolution
		HideSolutionNode = FALSE
	EndGlobalSection
	GlobalSection(ExtensibilityGlobals) = postSolution
		SolutionGuid = {3A42F0A1-28EC-43F8-909F-498FDABA7A61}
	EndGlobalSection
EndGlobal
